
Microsoft Visual Studio Solution File, Format Version 12.00
# Visual Studio 15
VisualStudioVersion = 15.0.27428.2011
MinimumVisualStudioVersion = 10.0.40219.1
Project("{FAE04EC0-301F-11D3-BF4B-00C04F79EFBC}") = "MicrophoneRecorder", "MicrophoneRecorder\MicrophoneRecorder.csproj", "{13F89BDD-86AD-4ED4-B5F0-0F77587A3435}"
EndProject
Global
	GlobalSection(SolutionConfigurationPlatforms) = preSolution
		Debug|Any CPU = Debug|Any CPU
		Release|Any CPU = Release|Any CPU
	EndGlobalSection
	GlobalSection(ProjectConfigurationPlatforms) = postSolution
		{13F89BDD-86AD-4ED4-B5F0-0F77587A3435}.Debug|Any CPU.ActiveCfg = Debug|Any CPU
		{13F89BDD-86AD-4ED4-B5F0-0F77587A3435}.Debug|Any CPU.Build.0 = Debug|Any CPU
		{13F89BDD-86AD-4ED4-B5F0-0F77587A3435}.Release|Any CPU.ActiveCfg = Release|Any CPU
		{13F89BDD-86AD-4ED4-B5F0-0F77587A3435}.Release|Any CPU.Build.0 = Release|Any CPU
	EndGlobalSection
	GlobalSection(SolutionProperties) = preSolution
		HideSolutionNode = FALSE
	EndGlobalSection
	GlobalSection(ExtensibilityGlobals) = postSolution
		SolutionGuid = {D96D92AD-B117-4200-B3E2-4FFB4FA7D147}
	EndGlobalSection
EndGlobal
